
Microsoft Visual Studio Solution File, Format Version 12.00
# Visual Studio Version 17
VisualStudioVersion = 17.6.33815.320
MinimumVisualStudioVersion = 10.0.40219.1
Project("{FAE04EC0-301F-11D3-BF4B-00C04F79EFBC}") = "First_task", "First_task\First_task.csproj", "{818C39F2-0DF4-4B56-A39D-22EDE61527E5}"
EndProject
Global
	GlobalSection(SolutionConfigurationPlatforms) = preSolution
		Debug|Any CPU = Debug|Any CPU
		Release|Any CPU = Release|Any CPU
	EndGlobalSection
	GlobalSection(ProjectConfigurationPlatforms) = postSolution
		{818C39F2-0DF4-4B56-A39D-22EDE61527E5}.Debug|Any CPU.ActiveCfg = Debug|Any CPU
		{818C39F2-0DF4-4B56-A39D-22EDE61527E5}.Debug|Any CPU.Build.0 = Debug|Any CPU
		{818C39F2-0DF4-4B56-A39D-22EDE61527E5}.Release|Any CPU.ActiveCfg = Release|Any CPU
		{818C39F2-0DF4-4B56-A39D-22EDE61527E5}.Release|Any CPU.Build.0 = Release|Any CPU
	EndGlobalSection
	GlobalSection(SolutionProperties) = preSolution
		HideSolutionNode = FALSE
	EndGlobalSection
	GlobalSection(ExtensibilityGlobals) = postSolution
		SolutionGuid = {B78FCA39-BF13-40FD-984B-BA56922A6DCD}
	EndGlobalSection
EndGlobal
